// !$*UTF8*$!
{
	archiveVersion = 1;
	classes = {
	};
	objectVersion = 46;
	objects = {

/* Begin PBXBuildFile section */
		D5238FA7175C18E100A25AE7 /* ScrollViewController.m in Sources */ = {isa = PBXBuildFile; fileRef = D5238FA6175C18E100A25AE7 /* ScrollViewController.m */; };
		D527CF74172474B600F698D0 /* UIKit.framework in Frameworks */ = {isa = PBXBuildFile; fileRef = D527CF73172474B600F698D0 /* UIKit.framework */; };
		D527CF76172474B600F698D0 /* Foundation.framework in Frameworks */ = {isa = PBXBuildFile; fileRef = D527CF75172474B600F698D0 /* Foundation.framework */; };
		D527CF78172474B600F698D0 /* CoreGraphics.framework in Frameworks */ = {isa = PBXBuildFile; fileRef = D527CF77172474B600F698D0 /* CoreGraphics.framework */; };
		D527CF7E172474B600F698D0 /* InfoPlist.strings in Resources */ = {isa = PBXBuildFile; fileRef = D527CF7C172474B600F698D0 /* InfoPlist.strings */; };
		D527CF80172474B600F698D0 /* main.m in Sources */ = {isa = PBXBuildFile; fileRef = D527CF7F172474B600F698D0 /* main.m */; };
		D527CF84172474B600F698D0 /* AppDelegate.m in Sources */ = {isa = PBXBuildFile; fileRef = D527CF83172474B600F698D0 /* AppDelegate.m */; };
		D527CF86172474B600F698D0 /* Default.png in Resources */ = {isa = PBXBuildFile; fileRef = D527CF85172474B600F698D0 /* Default.png */; };
		D527CF88172474B600F698D0 /* Default@2x.png in Resources */ = {isa = PBXBuildFile; fileRef = D527CF87172474B600F698D0 /* Default@2x.png */; };
		D527CF8A172474B600F698D0 /* Default-568h@2x.png in Resources */ = {isa = PBXBuildFile; fileRef = D527CF89172474B600F698D0 /* Default-568h@2x.png */; };
		D527CF8D172474B600F698D0 /* MainStoryboard_iPhone.storyboard in Resources */ = {isa = PBXBuildFile; fileRef = D527CF8B172474B600F698D0 /* MainStoryboard_iPhone.storyboard */; };
		D527CF90172474B600F698D0 /* MainStoryboard_iPad.storyboard in Resources */ = {isa = PBXBuildFile; fileRef = D527CF8E172474B600F698D0 /* MainStoryboard_iPad.storyboard */; };
		D527CF93172474B600F698D0 /* ViewController.m in Sources */ = {isa = PBXBuildFile; fileRef = D527CF92172474B600F698D0 /* ViewController.m */; };
		D527CF9B172474B600F698D0 /* SenTestingKit.framework in Frameworks */ = {isa = PBXBuildFile; fileRef = D527CF9A172474B600F698D0 /* SenTestingKit.framework */; };
		D527CF9C172474B600F698D0 /* UIKit.framework in Frameworks */ = {isa = PBXBuildFile; fileRef = D527CF73172474B600F698D0 /* UIKit.framework */; };
		D527CF9D172474B600F698D0 /* Foundation.framework in Frameworks */ = {isa = PBXBuildFile; fileRef = D527CF75172474B600F698D0 /* Foundation.framework */; };
		D527CFA5172474B600F698D0 /* InfoPlist.strings in Resources */ = {isa = PBXBuildFile; fileRef = D527CFA3172474B600F698D0 /* InfoPlist.strings */; };
		D527CFA8172474B600F698D0 /* AutonautTests.m in Sources */ = {isa = PBXBuildFile; fileRef = D527CFA7172474B600F698D0 /* AutonautTests.m */; };
		D527CFB317247E4F00F698D0 /* Automata.m in Sources */ = {isa = PBXBuildFile; fileRef = D527CFB217247E4F00F698D0 /* Automata.m */; };
		D527CFB417247E5D00F698D0 /* Automata.m in Sources */ = {isa = PBXBuildFile; fileRef = D527CFB217247E4F00F698D0 /* Automata.m */; };
		D527CFB617249B2400F698D0 /* QuartzCore.framework in Frameworks */ = {isa = PBXBuildFile; fileRef = D527CFB517249B2400F698D0 /* QuartzCore.framework */; };
		D52A32A9173C36BF00F443C5 /* AnimatedBoardView.m in Sources */ = {isa = PBXBuildFile; fileRef = D52A32A8173C36BF00F443C5 /* AnimatedBoardView.m */; };
		D5954476175AF7950074188E /* blackfuzz.png in Resources */ = {isa = PBXBuildFile; fileRef = D5954475175AF7950074188E /* blackfuzz.png */; };
		D5954478175AF79D0074188E /* whitefuzz.png in Resources */ = {isa = PBXBuildFile; fileRef = D5954477175AF79D0074188E /* whitefuzz.png */; };
		D595447A175B1AD80074188E /* icon114.png in Resources */ = {isa = PBXBuildFile; fileRef = D5954479175B1AD70074188E /* icon114.png */; };
		D595447C175B1ADA0074188E /* icon57.png in Resources */ = {isa = PBXBuildFile; fileRef = D595447B175B1ADA0074188E /* icon57.png */; };
		D595447E175B1ADF0074188E /* icon144.png in Resources */ = {isa = PBXBuildFile; fileRef = D595447D175B1ADF0074188E /* icon144.png */; };
		D5954480175B1AE10074188E /* icon72.png in Resources */ = {isa = PBXBuildFile; fileRef = D595447F175B1AE10074188E /* icon72.png */; };
		D5A3CD171740251800574630 /* FlippingAutomataView.m in Sources */ = {isa = PBXBuildFile; fileRef = D5A3CD161740251800574630 /* FlippingAutomataView.m */; };
		D5A3CD1A17403B1000574630 /* RuleButton.m in Sources */ = {isa = PBXBuildFile; fileRef = D5A3CD1917403B1000574630 /* RuleButton.m */; };
		D5B2D9F5175DABF1009F7D31 /* Cell.m in Sources */ = {isa = PBXBuildFile; fileRef = D5B2D9F4175DABF1009F7D31 /* Cell.m */; };
		D5BC7492174ECFF50039F6FA /* SettingsViewController.m in Sources */ = {isa = PBXBuildFile; fileRef = D5BC7491174ECFF50039F6FA /* SettingsViewController.m */; };
		D5BC7496174EDCD30039F6FA /* AVFoundation.framework in Frameworks */ = {isa = PBXBuildFile; fileRef = D5BC7495174EDCD30039F6FA /* AVFoundation.framework */; };
		D5BC7498174EDDE50039F6FA /* sweep.mp3 in Resources */ = {isa = PBXBuildFile; fileRef = D5BC7497174EDDE50039F6FA /* sweep.mp3 */; };
		D5D2E71E173ECE460051D5DF /* Generator.m in Sources */ = {isa = PBXBuildFile; fileRef = D5D2E71D173ECE460051D5DF /* Generator.m */; };
/* End PBXBuildFile section */

/* Begin PBXContainerItemProxy section */
		D527CF9E172474B600F698D0 /* PBXContainerItemProxy */ = {
			isa = PBXContainerItemProxy;
			containerPortal = D527CF68172474B500F698D0 /* Project object */;
			proxyType = 1;
			remoteGlobalIDString = D527CF6F172474B600F698D0;
			remoteInfo = Autonaut;
		};
/* End PBXContainerItemProxy section */

/* Begin PBXFileReference section */
		D5238FA5175C18E100A25AE7 /* ScrollViewController.h */ = {isa = PBXFileReference; fileEncoding = 4; lastKnownFileType = sourcecode.c.h; path = ScrollViewController.h; sourceTree = "<group>"; };
		D5238FA6175C18E100A25AE7 /* ScrollViewController.m */ = {isa = PBXFileReference; fileEncoding = 4; lastKnownFileType = sourcecode.c.objc; path = ScrollViewController.m; sourceTree = "<group>"; };
		D527CF70172474B600F698D0 /* Autonaut.app */ = {isa = PBXFileReference; explicitFileType = wrapper.application; includeInIndex = 0; path = Autonaut.app; sourceTree = BUILT_PRODUCTS_DIR; };
		D527CF73172474B600F698D0 /* UIKit.framework */ = {isa = PBXFileReference; lastKnownFileType = wrapper.framework; name = UIKit.framework; path = System/Library/Frameworks/UIKit.framework; sourceTree = SDKROOT; };
		D527CF75172474B600F698D0 /* Foundation.framework */ = {isa = PBXFileReference; lastKnownFileType = wrapper.framework; name = Foundation.framework; path = System/Library/Frameworks/Foundation.framework; sourceTree = SDKROOT; };
		D527CF77172474B600F698D0 /* CoreGraphics.framework */ = {isa = PBXFileReference; lastKnownFileType = wrapper.framework; name = CoreGraphics.framework; path = System/Library/Frameworks/CoreGraphics.framework; sourceTree = SDKROOT; };
		D527CF7B172474B600F698D0 /* Autonaut-Info.plist */ = {isa = PBXFileReference; lastKnownFileType = text.plist.xml; path = "Autonaut-Info.plist"; sourceTree = "<group>"; };
		D527CF7D172474B600F698D0 /* en */ = {isa = PBXFileReference; lastKnownFileType = text.plist.strings; name = en; path = en.lproj/InfoPlist.strings; sourceTree = "<group>"; };
		D527CF7F172474B600F698D0 /* main.m */ = {isa = PBXFileReference; lastKnownFileType = sourcecode.c.objc; path = main.m; sourceTree = "<group>"; };
		D527CF81172474B600F698D0 /* Autonaut-Prefix.pch */ = {isa = PBXFileReference; lastKnownFileType = sourcecode.c.h; path = "Autonaut-Prefix.pch"; sourceTree = "<group>"; };
		D527CF82172474B600F698D0 /* AppDelegate.h */ = {isa = PBXFileReference; lastKnownFileType = sourcecode.c.h; path = AppDelegate.h; sourceTree = "<group>"; };
		D527CF83172474B600F698D0 /* AppDelegate.m */ = {isa = PBXFileReference; lastKnownFileType = sourcecode.c.objc; path = AppDelegate.m; sourceTree = "<group>"; };
		D527CF85172474B600F698D0 /* Default.png */ = {isa = PBXFileReference; lastKnownFileType = image.png; path = Default.png; sourceTree = "<group>"; };
		D527CF87172474B600F698D0 /* Default@2x.png */ = {isa = PBXFileReference; lastKnownFileType = image.png; path = "Default@2x.png"; sourceTree = "<group>"; };
		D527CF89172474B600F698D0 /* Default-568h@2x.png */ = {isa = PBXFileReference; lastKnownFileType = image.png; path = "Default-568h@2x.png"; sourceTree = "<group>"; };
		D527CF8C172474B600F698D0 /* en */ = {isa = PBXFileReference; lastKnownFileType = file.storyboard; name = en; path = en.lproj/MainStoryboard_iPhone.storyboard; sourceTree = "<group>"; };
		D527CF8F172474B600F698D0 /* en */ = {isa = PBXFileReference; lastKnownFileType = file.storyboard; name = en; path = en.lproj/MainStoryboard_iPad.storyboard; sourceTree = "<group>"; };
		D527CF91172474B600F698D0 /* ViewController.h */ = {isa = PBXFileReference; lastKnownFileType = sourcecode.c.h; path = ViewController.h; sourceTree = "<group>"; };
		D527CF92172474B600F698D0 /* ViewController.m */ = {isa = PBXFileReference; lastKnownFileType = sourcecode.c.objc; path = ViewController.m; sourceTree = "<group>"; };
		D527CF99172474B600F698D0 /* AutonautTests.octest */ = {isa = PBXFileReference; explicitFileType = wrapper.cfbundle; includeInIndex = 0; path = AutonautTests.octest; sourceTree = BUILT_PRODUCTS_DIR; };
		D527CF9A172474B600F698D0 /* SenTestingKit.framework */ = {isa = PBXFileReference; lastKnownFileType = wrapper.framework; name = SenTestingKit.framework; path = Library/Frameworks/SenTestingKit.framework; sourceTree = DEVELOPER_DIR; };
		D527CFA2172474B600F698D0 /* AutonautTests-Info.plist */ = {isa = PBXFileReference; lastKnownFileType = text.plist.xml; path = "AutonautTests-Info.plist"; sourceTree = "<group>"; };
		D527CFA4172474B600F698D0 /* en */ = {isa = PBXFileReference; lastKnownFileType = text.plist.strings; name = en; path = en.lproj/InfoPlist.strings; sourceTree = "<group>"; };
		D527CFA6172474B600F698D0 /* AutonautTests.h */ = {isa = PBXFileReference; lastKnownFileType = sourcecode.c.h; path = AutonautTests.h; sourceTree = "<group>"; };
		D527CFA7172474B600F698D0 /* AutonautTests.m */ = {isa = PBXFileReference; lastKnownFileType = sourcecode.c.objc; path = AutonautTests.m; sourceTree = "<group>"; };
		D527CFB117247E4F00F698D0 /* Automata.h */ = {isa = PBXFileReference; fileEncoding = 4; lastKnownFileType = sourcecode.c.h; path = Automata.h; sourceTree = "<group>"; };
		D527CFB217247E4F00F698D0 /* Automata.m */ = {isa = PBXFileReference; fileEncoding = 4; lastKnownFileType = sourcecode.c.objc; path = Automata.m; sourceTree = "<group>"; };
		D527CFB517249B2400F698D0 /* QuartzCore.framework */ = {isa = PBXFileReference; lastKnownFileType = wrapper.framework; name = QuartzCore.framework; path = System/Library/Frameworks/QuartzCore.framework; sourceTree = SDKROOT; };
		D52A32A7173C36BF00F443C5 /* AnimatedBoardView.h */ = {isa = PBXFileReference; fileEncoding = 4; lastKnownFileType = sourcecode.c.h; path = AnimatedBoardView.h; sourceTree = "<group>"; };
		D52A32A8173C36BF00F443C5 /* AnimatedBoardView.m */ = {isa = PBXFileReference; fileEncoding = 4; lastKnownFileType = sourcecode.c.objc; path = AnimatedBoardView.m; sourceTree = "<group>"; };
		D5954475175AF7950074188E /* blackfuzz.png */ = {isa = PBXFileReference; lastKnownFileType = image.png; path = blackfuzz.png; sourceTree = "<group>"; };
		D5954477175AF79D0074188E /* whitefuzz.png */ = {isa = PBXFileReference; lastKnownFileType = image.png; path = whitefuzz.png; sourceTree = "<group>"; };
		D5954479175B1AD70074188E /* icon114.png */ = {isa = PBXFileReference; lastKnownFileType = image.png; path = icon114.png; sourceTree = "<group>"; };
		D595447B175B1ADA0074188E /* icon57.png */ = {isa = PBXFileReference; lastKnownFileType = image.png; path = icon57.png; sourceTree = "<group>"; };
		D595447D175B1ADF0074188E /* icon144.png */ = {isa = PBXFileReference; lastKnownFileType = image.png; path = icon144.png; sourceTree = "<group>"; };
		D595447F175B1AE10074188E /* icon72.png */ = {isa = PBXFileReference; lastKnownFileType = image.png; path = icon72.png; sourceTree = "<group>"; };
		D5A3CD151740251800574630 /* FlippingAutomataView.h */ = {isa = PBXFileReference; fileEncoding = 4; lastKnownFileType = sourcecode.c.h; path = FlippingAutomataView.h; sourceTree = "<group>"; };
		D5A3CD161740251800574630 /* FlippingAutomataView.m */ = {isa = PBXFileReference; fileEncoding = 4; lastKnownFileType = sourcecode.c.objc; path = FlippingAutomataView.m; sourceTree = "<group>"; };
		D5A3CD1817403B1000574630 /* RuleButton.h */ = {isa = PBXFileReference; fileEncoding = 4; lastKnownFileType = sourcecode.c.h; path = RuleButton.h; sourceTree = "<group>"; };
		D5A3CD1917403B1000574630 /* RuleButton.m */ = {isa = PBXFileReference; fileEncoding = 4; lastKnownFileType = sourcecode.c.objc; path = RuleButton.m; sourceTree = "<group>"; };
		D5B2D9F3175DABF1009F7D31 /* Cell.h */ = {isa = PBXFileReference; fileEncoding = 4; lastKnownFileType = sourcecode.c.h; path = Cell.h; sourceTree = "<group>"; };
		D5B2D9F4175DABF1009F7D31 /* Cell.m */ = {isa = PBXFileReference; fileEncoding = 4; lastKnownFileType = sourcecode.c.objc; path = Cell.m; sourceTree = "<group>"; };
		D5BC7490174ECFF50039F6FA /* SettingsViewController.h */ = {isa = PBXFileReference; fileEncoding = 4; lastKnownFileType = sourcecode.c.h; path = SettingsViewController.h; sourceTree = "<group>"; };
		D5BC7491174ECFF50039F6FA /* SettingsViewController.m */ = {isa = PBXFileReference; fileEncoding = 4; lastKnownFileType = sourcecode.c.objc; path = SettingsViewController.m; sourceTree = "<group>"; };
		D5BC7495174EDCD30039F6FA /* AVFoundation.framework */ = {isa = PBXFileReference; lastKnownFileType = wrapper.framework; name = AVFoundation.framework; path = System/Library/Frameworks/AVFoundation.framework; sourceTree = SDKROOT; };
		D5BC7497174EDDE50039F6FA /* sweep.mp3 */ = {isa = PBXFileReference; lastKnownFileType = audio.mp3; path = sweep.mp3; sourceTree = "<group>"; };
		D5D2E71C173ECE460051D5DF /* Generator.h */ = {isa = PBXFileReference; fileEncoding = 4; lastKnownFileType = sourcecode.c.h; path = Generator.h; sourceTree = "<group>"; };
		D5D2E71D173ECE460051D5DF /* Generator.m */ = {isa = PBXFileReference; fileEncoding = 4; lastKnownFileType = sourcecode.c.objc; path = Generator.m; sourceTree = "<group>"; };
/* End PBXFileReference section */

/* Begin PBXFrameworksBuildPhase section */
		D527CF6D172474B600F698D0 /* Frameworks */ = {
			isa = PBXFrameworksBuildPhase;
			buildActionMask = 2147483647;
			files = (
				D5BC7496174EDCD30039F6FA /* AVFoundation.framework in Frameworks */,
				D527CFB617249B2400F698D0 /* QuartzCore.framework in Frameworks */,
				D527CF74172474B600F698D0 /* UIKit.framework in Frameworks */,
				D527CF76172474B600F698D0 /* Foundation.framework in Frameworks */,
				D527CF78172474B600F698D0 /* CoreGraphics.framework in Frameworks */,
			);
			runOnlyForDeploymentPostprocessing = 0;
		};
		D527CF95172474B600F698D0 /* Frameworks */ = {
			isa = PBXFrameworksBuildPhase;
			buildActionMask = 2147483647;
			files = (
				D527CF9B172474B600F698D0 /* SenTestingKit.framework in Frameworks */,
				D527CF9C172474B600F698D0 /* UIKit.framework in Frameworks */,
				D527CF9D172474B600F698D0 /* Foundation.framework in Frameworks */,
			);
			runOnlyForDeploymentPostprocessing = 0;
		};
/* End PBXFrameworksBuildPhase section */

/* Begin PBXGroup section */
		D527CF67172474B500F698D0 = {
			isa = PBXGroup;
			children = (
				D595447F175B1AE10074188E /* icon72.png */,
				D595447D175B1ADF0074188E /* icon144.png */,
				D595447B175B1ADA0074188E /* icon57.png */,
				D5954479175B1AD70074188E /* icon114.png */,
				D5BC7495174EDCD30039F6FA /* AVFoundation.framework */,
				D527CFB517249B2400F698D0 /* QuartzCore.framework */,
				D527CF79172474B600F698D0 /* Autonaut */,
				D527CFA0172474B600F698D0 /* AutonautTests */,
				D527CF72172474B600F698D0 /* Frameworks */,
				D527CF71172474B600F698D0 /* Products */,
			);
			sourceTree = "<group>";
		};
		D527CF71172474B600F698D0 /* Products */ = {
			isa = PBXGroup;
			children = (
				D527CF70172474B600F698D0 /* Autonaut.app */,
				D527CF99172474B600F698D0 /* AutonautTests.octest */,
			);
			name = Products;
			sourceTree = "<group>";
		};
		D527CF72172474B600F698D0 /* Frameworks */ = {
			isa = PBXGroup;
			children = (
				D527CF73172474B600F698D0 /* UIKit.framework */,
				D527CF75172474B600F698D0 /* Foundation.framework */,
				D527CF77172474B600F698D0 /* CoreGraphics.framework */,
				D527CF9A172474B600F698D0 /* SenTestingKit.framework */,
			);
			name = Frameworks;
			sourceTree = "<group>";
		};
		D527CF79172474B600F698D0 /* Autonaut */ = {
			isa = PBXGroup;
			children = (
				D527CF82172474B600F698D0 /* AppDelegate.h */,
				D527CF83172474B600F698D0 /* AppDelegate.m */,
				D527CF8B172474B600F698D0 /* MainStoryboard_iPhone.storyboard */,
				D527CF8E172474B600F698D0 /* MainStoryboard_iPad.storyboard */,
				D5B2D9F3175DABF1009F7D31 /* Cell.h */,
				D5B2D9F4175DABF1009F7D31 /* Cell.m */,
				D5BC7490174ECFF50039F6FA /* SettingsViewController.h */,
				D5BC7491174ECFF50039F6FA /* SettingsViewController.m */,
				D527CF91172474B600F698D0 /* ViewController.h */,
				D527CF92172474B600F698D0 /* ViewController.m */,
				D5D2E71C173ECE460051D5DF /* Generator.h */,
				D5D2E71D173ECE460051D5DF /* Generator.m */,
				D5A3CD151740251800574630 /* FlippingAutomataView.h */,
				D5A3CD161740251800574630 /* FlippingAutomataView.m */,
				D5238FA5175C18E100A25AE7 /* ScrollViewController.h */,
				D5238FA6175C18E100A25AE7 /* ScrollViewController.m */,
				D52A32A7173C36BF00F443C5 /* AnimatedBoardView.h */,
				D52A32A8173C36BF00F443C5 /* AnimatedBoardView.m */,
				D5A3CD1817403B1000574630 /* RuleButton.h */,
				D5A3CD1917403B1000574630 /* RuleButton.m */,
				D527CFB117247E4F00F698D0 /* Automata.h */,
				D527CFB217247E4F00F698D0 /* Automata.m */,
				D527CF7A172474B600F698D0 /* Supporting Files */,
			);
			path = Autonaut;
			sourceTree = "<group>";
		};
		D527CF7A172474B600F698D0 /* Supporting Files */ = {
			isa = PBXGroup;
			children = (
				D5954475175AF7950074188E /* blackfuzz.png */,
				D5954477175AF79D0074188E /* whitefuzz.png */,
				D5BC7497174EDDE50039F6FA /* sweep.mp3 */,
				D527CF7B172474B600F698D0 /* Autonaut-Info.plist */,
				D527CF7C172474B600F698D0 /* InfoPlist.strings */,
				D527CF7F172474B600F698D0 /* main.m */,
				D527CF81172474B600F698D0 /* Autonaut-Prefix.pch */,
				D527CF85172474B600F698D0 /* Default.png */,
				D527CF87172474B600F698D0 /* Default@2x.png */,
				D527CF89172474B600F698D0 /* Default-568h@2x.png */,
			);
			name = "Supporting Files";
			sourceTree = "<group>";
		};
		D527CFA0172474B600F698D0 /* AutonautTests */ = {
			isa = PBXGroup;
			children = (
				D527CFA6172474B600F698D0 /* AutonautTests.h */,
				D527CFA7172474B600F698D0 /* AutonautTests.m */,
				D527CFA1172474B600F698D0 /* Supporting Files */,
			);
			path = AutonautTests;
			sourceTree = "<group>";
		};
		D527CFA1172474B600F698D0 /* Supporting Files */ = {
			isa = PBXGroup;
			children = (
				D527CFA2172474B600F698D0 /* AutonautTests-Info.plist */,
				D527CFA3172474B600F698D0 /* InfoPlist.strings */,
			);
			name = "Supporting Files";
			sourceTree = "<group>";
		};
/* End PBXGroup section */

/* Begin PBXNativeTarget section */
		D527CF6F172474B600F698D0 /* Autonaut */ = {
			isa = PBXNativeTarget;
			buildConfigurationList = D527CFAB172474B600F698D0 /* Build configuration list for PBXNativeTarget "Autonaut" */;
			buildPhases = (
				D527CF6C172474B600F698D0 /* Sources */,
				D527CF6D172474B600F698D0 /* Frameworks */,
				D527CF6E172474B600F698D0 /* Resources */,
			);
			buildRules = (
			);
			dependencies = (
			);
			name = Autonaut;
			productName = Autonaut;
			productReference = D527CF70172474B600F698D0 /* Autonaut.app */;
			productType = "com.apple.product-type.application";
		};
		D527CF98172474B600F698D0 /* AutonautTests */ = {
			isa = PBXNativeTarget;
			buildConfigurationList = D527CFAE172474B600F698D0 /* Build configuration list for PBXNativeTarget "AutonautTests" */;
			buildPhases = (
				D527CF94172474B600F698D0 /* Sources */,
				D527CF95172474B600F698D0 /* Frameworks */,
				D527CF96172474B600F698D0 /* Resources */,
				D527CF97172474B600F698D0 /* ShellScript */,
			);
			buildRules = (
			);
			dependencies = (
				D527CF9F172474B600F698D0 /* PBXTargetDependency */,
			);
			name = AutonautTests;
			productName = AutonautTests;
			productReference = D527CF99172474B600F698D0 /* AutonautTests.octest */;
			productType = "com.apple.product-type.bundle";
		};
/* End PBXNativeTarget section */

/* Begin PBXProject section */
		D527CF68172474B500F698D0 /* Project object */ = {
			isa = PBXProject;
			attributes = {
				LastUpgradeCheck = 0460;
				ORGANIZATIONNAME = robbykraft;
			};
			buildConfigurationList = D527CF6B172474B500F698D0 /* Build configuration list for PBXProject "Autonaut" */;
			compatibilityVersion = "Xcode 3.2";
			developmentRegion = English;
			hasScannedForEncodings = 0;
			knownRegions = (
				en,
			);
			mainGroup = D527CF67172474B500F698D0;
			productRefGroup = D527CF71172474B600F698D0 /* Products */;
			projectDirPath = "";
			projectRoot = "";
			targets = (
				D527CF6F172474B600F698D0 /* Autonaut */,
				D527CF98172474B600F698D0 /* AutonautTests */,
			);
		};
/* End PBXProject section */

/* Begin PBXResourcesBuildPhase section */
		D527CF6E172474B600F698D0 /* Resources */ = {
			isa = PBXResourcesBuildPhase;
			buildActionMask = 2147483647;
			files = (
				D527CF7E172474B600F698D0 /* InfoPlist.strings in Resources */,
				D527CF86172474B600F698D0 /* Default.png in Resources */,
				D527CF88172474B600F698D0 /* Default@2x.png in Resources */,
				D527CF8A172474B600F698D0 /* Default-568h@2x.png in Resources */,
				D527CF8D172474B600F698D0 /* MainStoryboard_iPhone.storyboard in Resources */,
				D527CF90172474B600F698D0 /* MainStoryboard_iPad.storyboard in Resources */,
				D5BC7498174EDDE50039F6FA /* sweep.mp3 in Resources */,
				D5954476175AF7950074188E /* blackfuzz.png in Resources */,
				D5954478175AF79D0074188E /* whitefuzz.png in Resources */,
				D595447A175B1AD80074188E /* icon114.png in Resources */,
				D595447C175B1ADA0074188E /* icon57.png in Resources */,
				D595447E175B1ADF0074188E /* icon144.png in Resources */,
				D5954480175B1AE10074188E /* icon72.png in Resources */,
			);
			runOnlyForDeploymentPostprocessing = 0;
		};
		D527CF96172474B600F698D0 /* Resources */ = {
			isa = PBXResourcesBuildPhase;
			buildActionMask = 2147483647;
			files = (
				D527CFA5172474B600F698D0 /* InfoPlist.strings in Resources */,
			);
			runOnlyForDeploymentPostprocessing = 0;
		};
/* End PBXResourcesBuildPhase section */

/* Begin PBXShellScriptBuildPhase section */
		D527CF97172474B600F698D0 /* ShellScript */ = {
			isa = PBXShellScriptBuildPhase;
			buildActionMask = 2147483647;
			files = (
			);
			inputPaths = (
			);
			outputPaths = (
			);
			runOnlyForDeploymentPostprocessing = 0;
			shellPath = /bin/sh;
			shellScript = "# Run the unit tests in this test bundle.\n\"${SYSTEM_DEVELOPER_DIR}/Tools/RunUnitTests\"\n";
		};
/* End PBXShellScriptBuildPhase section */

/* Begin PBXSourcesBuildPhase section */
		D527CF6C172474B600F698D0 /* Sources */ = {
			isa = PBXSourcesBuildPhase;
			buildActionMask = 2147483647;
			files = (
				D527CF80172474B600F698D0 /* main.m in Sources */,
				D527CF84172474B600F698D0 /* AppDelegate.m in Sources */,
				D527CFB417247E5D00F698D0 /* Automata.m in Sources */,
				D527CF93172474B600F698D0 /* ViewController.m in Sources */,
				D52A32A9173C36BF00F443C5 /* AnimatedBoardView.m in Sources */,
				D5D2E71E173ECE460051D5DF /* Generator.m in Sources */,
				D5A3CD171740251800574630 /* FlippingAutomataView.m in Sources */,
				D5A3CD1A17403B1000574630 /* RuleButton.m in Sources */,
				D5BC7492174ECFF50039F6FA /* SettingsViewController.m in Sources */,
				D5238FA7175C18E100A25AE7 /* ScrollViewController.m in Sources */,
				D5B2D9F5175DABF1009F7D31 /* Cell.m in Sources */,
			);
			runOnlyForDeploymentPostprocessing = 0;
		};
		D527CF94172474B600F698D0 /* Sources */ = {
			isa = PBXSourcesBuildPhase;
			buildActionMask = 2147483647;
			files = (
				D527CFA8172474B600F698D0 /* AutonautTests.m in Sources */,
				D527CFB317247E4F00F698D0 /* Automata.m in Sources */,
			);
			runOnlyForDeploymentPostprocessing = 0;
		};
/* End PBXSourcesBuildPhase section */

/* Begin PBXTargetDependency section */
		D527CF9F172474B600F698D0 /* PBXTargetDependency */ = {
			isa = PBXTargetDependency;
			target = D527CF6F172474B600F698D0 /* Autonaut */;
			targetProxy = D527CF9E172474B600F698D0 /* PBXContainerItemProxy */;
		};
/* End PBXTargetDependency section */

/* Begin PBXVariantGroup section */
		D527CF7C172474B600F698D0 /* InfoPlist.strings */ = {
			isa = PBXVariantGroup;
			children = (
				D527CF7D172474B600F698D0 /* en */,
			);
			name = InfoPlist.strings;
			sourceTree = "<group>";
		};
		D527CF8B172474B600F698D0 /* MainStoryboard_iPhone.storyboard */ = {
			isa = PBXVariantGroup;
			children = (
				D527CF8C172474B600F698D0 /* en */,
			);
			name = MainStoryboard_iPhone.storyboard;
			sourceTree = "<group>";
		};
		D527CF8E172474B600F698D0 /* MainStoryboard_iPad.storyboard */ = {
			isa = PBXVariantGroup;
			children = (
				D527CF8F172474B600F698D0 /* en */,
			);
			name = MainStoryboard_iPad.storyboard;
			sourceTree = "<group>";
		};
		D527CFA3172474B600F698D0 /* InfoPlist.strings */ = {
			isa = PBXVariantGroup;
			children = (
				D527CFA4172474B600F698D0 /* en */,
			);
			name = InfoPlist.strings;
			sourceTree = "<group>";
		};
/* End PBXVariantGroup section */

/* Begin XCBuildConfiguration section */
		D527CFA9172474B600F698D0 /* Debug */ = {
			isa = XCBuildConfiguration;
			buildSettings = {
				ALWAYS_SEARCH_USER_PATHS = NO;
				CLANG_CXX_LANGUAGE_STANDARD = "gnu++0x";
				CLANG_CXX_LIBRARY = "libc++";
				CLANG_ENABLE_OBJC_ARC = YES;
				CLANG_WARN_CONSTANT_CONVERSION = YES;
				CLANG_WARN_EMPTY_BODY = YES;
				CLANG_WARN_ENUM_CONVERSION = YES;
				CLANG_WARN_INT_CONVERSION = YES;
				CLANG_WARN__DUPLICATE_METHOD_MATCH = YES;
				"CODE_SIGN_IDENTITY[sdk=iphoneos*]" = "iPhone Developer";
				COPY_PHASE_STRIP = NO;
				GCC_C_LANGUAGE_STANDARD = gnu99;
				GCC_DYNAMIC_NO_PIC = NO;
				GCC_OPTIMIZATION_LEVEL = 0;
				GCC_PREPROCESSOR_DEFINITIONS = (
					"DEBUG=1",
					"$(inherited)",
				);
				GCC_SYMBOLS_PRIVATE_EXTERN = NO;
				GCC_WARN_ABOUT_RETURN_TYPE = YES;
				GCC_WARN_UNINITIALIZED_AUTOS = YES;
				GCC_WARN_UNUSED_VARIABLE = YES;
				IPHONEOS_DEPLOYMENT_TARGET = 6.0;
				ONLY_ACTIVE_ARCH = YES;
				SDKROOT = iphoneos;
				TARGETED_DEVICE_FAMILY = "1,2";
			};
			name = Debug;
		};
		D527CFAA172474B600F698D0 /* Release */ = {
			isa = XCBuildConfiguration;
			buildSettings = {
				ALWAYS_SEARCH_USER_PATHS = NO;
				CLANG_CXX_LANGUAGE_STANDARD = "gnu++0x";
				CLANG_CXX_LIBRARY = "libc++";
				CLANG_ENABLE_OBJC_ARC = YES;
				CLANG_WARN_CONSTANT_CONVERSION = YES;
				CLANG_WARN_EMPTY_BODY = YES;
				CLANG_WARN_ENUM_CONVERSION = YES;
				CLANG_WARN_INT_CONVERSION = YES;
				CLANG_WARN__DUPLICATE_METHOD_MATCH = YES;
				"CODE_SIGN_IDENTITY[sdk=iphoneos*]" = "iPhone Developer";
				COPY_PHASE_STRIP = YES;
				GCC_C_LANGUAGE_STANDARD = gnu99;
				GCC_WARN_ABOUT_RETURN_TYPE = YES;
				GCC_WARN_UNINITIALIZED_AUTOS = YES;
				GCC_WARN_UNUSED_VARIABLE = YES;
				IPHONEOS_DEPLOYMENT_TARGET = 6.0;
				OTHER_CFLAGS = "-DNS_BLOCK_ASSERTIONS=1";
				SDKROOT = iphoneos;
				TARGETED_DEVICE_FAMILY = "1,2";
				VALIDATE_PRODUCT = YES;
			};
			name = Release;
		};
		D527CFAC172474B600F698D0 /* Debug */ = {
			isa = XCBuildConfiguration;
			buildSettings = {
				CODE_SIGN_IDENTITY = "iPhone Developer: Robby Kraft (77FF5GG6Q3)";
				GCC_PRECOMPILE_PREFIX_HEADER = YES;
				GCC_PREFIX_HEADER = "Autonaut/Autonaut-Prefix.pch";
				INFOPLIST_FILE = "Autonaut/Autonaut-Info.plist";
				PRODUCT_NAME = "$(TARGET_NAME)";
				PROVISIONING_PROFILE = "ABEBA155-7A5B-4EFA-BBA4-DEFBB04D8AA2";
				WRAPPER_EXTENSION = app;
			};
			name = Debug;
		};
		D527CFAD172474B600F698D0 /* Release */ = {
			isa = XCBuildConfiguration;
			buildSettings = {
				CODE_SIGN_IDENTITY = "iPhone Developer: Robby Kraft (77FF5GG6Q3)";
				GCC_PRECOMPILE_PREFIX_HEADER = YES;
				GCC_PREFIX_HEADER = "Autonaut/Autonaut-Prefix.pch";
				INFOPLIST_FILE = "Autonaut/Autonaut-Info.plist";
				PRODUCT_NAME = "$(TARGET_NAME)";
				PROVISIONING_PROFILE = "ABEBA155-7A5B-4EFA-BBA4-DEFBB04D8AA2";
				WRAPPER_EXTENSION = app;
			};
			name = Release;
		};
		D527CFAF172474B600F698D0 /* Debug */ = {
			isa = XCBuildConfiguration;
			buildSettings = {
				BUNDLE_LOADER = "$(BUILT_PRODUCTS_DIR)/Autonaut.app/Autonaut";
				FRAMEWORK_SEARCH_PATHS = (
					"\"$(SDKROOT)/Developer/Library/Frameworks\"",
					"\"$(DEVELOPER_LIBRARY_DIR)/Frameworks\"",
				);
				GCC_PRECOMPILE_PREFIX_HEADER = YES;
				GCC_PREFIX_HEADER = "Autonaut/Autonaut-Prefix.pch";
				INFOPLIST_FILE = "AutonautTests/AutonautTests-Info.plist";
				PRODUCT_NAME = "$(TARGET_NAME)";
				TEST_HOST = "$(BUNDLE_LOADER)";
				WRAPPER_EXTENSION = octest;
			};
			name = Debug;
		};
		D527CFB0172474B600F698D0 /* Release */ = {
			isa = XCBuildConfiguration;
			buildSettings = {
				BUNDLE_LOADER = "$(BUILT_PRODUCTS_DIR)/Autonaut.app/Autonaut";
				FRAMEWORK_SEARCH_PATHS = (
					"\"$(SDKROOT)/Developer/Library/Frameworks\"",
					"\"$(DEVELOPER_LIBRARY_DIR)/Frameworks\"",
				);
				GCC_PRECOMPILE_PREFIX_HEADER = YES;
				GCC_PREFIX_HEADER = "Autonaut/Autonaut-Prefix.pch";
				INFOPLIST_FILE = "AutonautTests/AutonautTests-Info.plist";
				PRODUCT_NAME = "$(TARGET_NAME)";
				TEST_HOST = "$(BUNDLE_LOADER)";
				WRAPPER_EXTENSION = octest;
			};
			name = Release;
		};
/* End XCBuildConfiguration section */

/* Begin XCConfigurationList section */
		D527CF6B172474B500F698D0 /* Build configuration list for PBXProject "Autonaut" */ = {
			isa = XCConfigurationList;
			buildConfigurations = (
				D527CFA9172474B600F698D0 /* Debug */,
				D527CFAA172474B600F698D0 /* Release */,
			);
			defaultConfigurationIsVisible = 0;
			defaultConfigurationName = Release;
		};
		D527CFAB172474B600F698D0 /* Build configuration list for PBXNativeTarget "Autonaut" */ = {
			isa = XCConfigurationList;
			buildConfigurations = (
				D527CFAC172474B600F698D0 /* Debug */,
				D527CFAD172474B600F698D0 /* Release */,
			);
			defaultConfigurationIsVisible = 0;
			defaultConfigurationName = Release;
		};
		D527CFAE172474B600F698D0 /* Build configuration list for PBXNativeTarget "AutonautTests" */ = {
			isa = XCConfigurationList;
			buildConfigurations = (
				D527CFAF172474B600F698D0 /* Debug */,
				D527CFB0172474B600F698D0 /* Release */,
			);
			defaultConfigurationIsVisible = 0;
			defaultConfigurationName = Release;
		};
/* End XCConfigurationList section */
	};
	rootObject = D527CF68172474B500F698D0 /* Project object */;
}
